<?xml version="1.0" encoding="utf-8"?>
<Project ToolsVersion="4.0" xmlns="http://schemas.microsoft.com/developer/msbuild/2003">
  <ItemGroup>
    <Filter Include="Source Files">
      <UniqueIdentifier>{4FC737F1-C7A5-4376-A066-2A32D752A2FF}</UniqueIdentifier>
      <Extensions>cpp;c;cc;cxx;def;odl;idl;hpj;bat;asm;asmx</Extensions>
    </Filter>
    <Filter Include="Header Files">
      <UniqueIdentifier>{93995380-89BD-4b04-88EB-625FBE52EBFB}</UniqueIdentifier>
      <Extensions>h;hh;hpp;hxx;hm;inl;inc;xsd</Extensions>
    </Filter>
    <Filter Include="Resource Files">
      <UniqueIdentifier>{67DA6AB6-F800-4c08-8B7A-83BB121AAD01}</UniqueIdentifier>
      <Extensions>rc;ico;cur;bmp;dlg;rc2;rct;bin;rgs;gif;jpg;jpeg;jpe;resx;tiff;tif;png;wav;mfcribbon-ms</Extensions>
    </Filter>
  </ItemGroup>
  <ItemGroup>
    <ClInclude Include="AudioProcessor.h">
      <Filter>Header Files</Filter>
    </ClInclude>
    <ClInclude Include="AudioVisualizer.h">
      <Filter>Header Files</Filter>
    </ClInclude>
    <ClInclude Include="RTAudio\RtAudio.h">
      <Filter>Header Files</Filter>
    </ClInclude>
    <ClInclude Include="RTAudio\asio.h">
      <Filter>Header Files</Filter>
    </ClInclude>
    <ClInclude Include="RTAudio\asiodrivers.h">
      <Filter>Header Files</Filter>
    </ClInclude>
    <ClInclude Include="RTAudio\asiodrvr.h">
      <Filter>Header Files</Filter>
    </ClInclude>
    <ClInclude Include="RTAudio\asiolist.h">
      <Filter>Header Files</Filter>
    </ClInclude>
    <ClInclude Include="RTAudio\asiosys.h">
      <Filter>Header Files</Filter>
    </ClInclude>
    <ClInclude Include="RTAudio\ginclude.h">
      <Filter>Header Files</Filter>
    </ClInclude>
    <ClInclude Include="RTAudio\iasiodrv.h">
      <Filter>Header Files</Filter>
    </ClInclude>
    <ClInclude Include="RTAudio\iasiothiscallresolver.h">
      <Filter>Header Files</Filter>
    </ClInclude>
    <ClInclude Include="FFTW\fftw3.h">
      <Filter>Header Files</Filter>
    </ClInclude>
    <ClInclude Include="wxMathPlot\mathplot.h">
      <Filter>Header Files</Filter>
    </ClInclude>
    <ClInclude Include="AudioCapturer.h">
      <Filter>Header Files</Filter>
    </ClInclude>
  </ItemGroup>
  <ItemGroup>
    <ClCompile Include="AudioCapturer.cpp">
      <Filter>Source Files</Filter>
    </ClCompile>
    <ClCompile Include="AudioProcessor.cpp">
      <Filter>Source Files</Filter>
    </ClCompile>
    <ClCompile Include="AudioVisualizer.cpp">
      <Filter>Source Files</Filter>
    </ClCompile>
    <ClCompile Include="RTAudio\RtAudio.cpp">
      <Filter>Source Files</Filter>
    </ClCompile>
    <ClCompile Include="RTAudio\asio.cpp">
      <Filter>Source Files</Filter>
    </ClCompile>
    <ClCompile Include="RTAudio\asiodrivers.cpp">
      <Filter>Source Files</Filter>
    </ClCompile>
    <ClCompile Include="RTAudio\asiolist.cpp">
      <Filter>Source Files</Filter>
    </ClCompile>
    <ClCompile Include="RTAudio\iasiothiscallresolver.cpp">
      <Filter>Source Files</Filter>
    </ClCompile>
    <ClCompile Include="audioprobe.cpp">
      <Filter>Source Files</Filter>
    </ClCompile>
    <ClCompile Include="kwic\src\angularmeter.cpp">
      <Filter>Source Files</Filter>
    </ClCompile>
    <ClCompile Include="wxMathPlot\mathplot.cpp">
      <Filter>Source Files</Filter>
    </ClCompile>
    <ClCompile Include="RTTuner.cpp">
      <Filter>Source Files</Filter>
    </ClCompile>
  </ItemGroup>
</Project>